version = 1
revision = 3
requires-python = ">=3.13"

[[package]]
name = "click"
version = "8.2.1"
source = { registry = "https://pypi.org/simple" }
dependencies = [
    { name = "colorama", marker = "sys_platform == 'win32'" },
]
sdist = { url = "https://files.pythonhosted.org/packages/60/6c/8ca2efa64cf75a977a0d7fac081354553ebe483345c734fb6b6515d96bbc/click-8.2.1.tar.gz", hash = "sha256:27c491cc05d968d271d5a1db13e3b5a184636d9d930f148c50b038f0d0646202", size = 286342, upload-time = "2025-05-20T23:19:49.832Z" }
wheels = [
    { url = "https://files.pythonhosted.org/packages/85/32/10bb5764d90a8eee674e9dc6f4db6a0ab47c8c4d0d83c27f7c39ac415a4d/click-8.2.1-py3-none-any.whl", hash = "sha256:61a3265b914e850b85317d0b3109c7f8cd35a670f963866005d6ef1d5175a12b", size = 102215, upload-time = "2025-05-20T23:19:47.796Z" },
]

[[package]]
name = "click-default-group"
version = "1.2.4"
source = { registry = "https://pypi.org/simple" }
dependencies = [
    { name = "click" },
]
sdist = { url = "https://files.pythonhosted.org/packages/1d/ce/edb087fb53de63dad3b36408ca30368f438738098e668b78c87f93cd41df/click_default_group-1.2.4.tar.gz", hash = "sha256:eb3f3c99ec0d456ca6cd2a7f08f7d4e91771bef51b01bdd9580cc6450fe1251e", size = 3505, upload-time = "2023-08-04T07:54:58.425Z" }
wheels = [
    { url = "https://files.pythonhosted.org/packages/2c/1a/aff8bb287a4b1400f69e09a53bd65de96aa5cee5691925b38731c67fc695/click_default_group-1.2.4-py2.py3-none-any.whl", hash = "sha256:9b60486923720e7fc61731bdb32b617039aba820e22e1c88766b1125592eaa5f", size = 4123, upload-time = "2023-08-04T07:54:56.875Z" },
]

[[package]]
name = "colorama"
version = "0.4.6"
source = { registry = "https://pypi.org/simple" }
sdist = { url = "https://files.pythonhosted.org/packages/d8/53/6f443c9a4a8358a93a6792e2acffb9d9d5cb0a5cfd8802644b7b1c9a02e4/colorama-0.4.6.tar.gz", hash = "sha256:08695f5cb7ed6e0531a20572697297273c47b8cae5a63ffc6d6ed5c201be6e44", size = 27697, upload-time = "2022-10-25T02:36:22.414Z" }
wheels = [
    { url = "https://files.pythonhosted.org/packages/d1/d6/3965ed04c63042e047cb6a3e6ed1a63a35087b6a609aa3a15ed8ac56c221/colorama-0.4.6-py2.py3-none-any.whl", hash = "sha256:4f1d9991f5acc0ca119f9d443620b77f9d6b33703e51011c16baf57afb285fc6", size = 25335, upload-time = "2022-10-25T02:36:20.889Z" },
]

[[package]]
name = "nuitka"
version = "2.7.13"
source = { registry = "https://pypi.org/simple" }
dependencies = [
    { name = "ordered-set" },
    { name = "zstandard" },
]
sdist = { url = "https://files.pythonhosted.org/packages/c0/73/8735d3464a0bf5cc074772514205e741dfa8d3f1f5fd765a3686ce7c8caa/Nuitka-2.7.13.tar.gz", hash = "sha256:941c6ee2321fea1d297b29669228939200640110be2a8b0bdedfcf6c3bc816b9", size = 3888165, upload-time = "2025-08-26T12:51:52.245Z" }

[[package]]
name = "ordered-set"
version = "4.1.0"
source = { registry = "https://pypi.org/simple" }
sdist = { url = "https://files.pythonhosted.org/packages/4c/ca/bfac8bc689799bcca4157e0e0ced07e70ce125193fc2e166d2e685b7e2fe/ordered-set-4.1.0.tar.gz", hash = "sha256:694a8e44c87657c59292ede72891eb91d34131f6531463aab3009191c77364a8", size = 12826, upload-time = "2022-01-26T14:38:56.6Z" }
wheels = [
    { url = "https://files.pythonhosted.org/packages/33/55/af02708f230eb77084a299d7b08175cff006dea4f2721074b92cdb0296c0/ordered_set-4.1.0-py3-none-any.whl", hash = "sha256:046e1132c71fcf3330438a539928932caf51ddbc582496833e23de611de14562", size = 7634, upload-time = "2022-01-26T14:38:48.677Z" },
]

[[package]]
name = "t3"
version = "0.1.0"
source = { editable = "." }
dependencies = [
    { name = "click" },
    { name = "click-default-group" },
    { name = "things-py" },
]

[package.dev-dependencies]
dev = [
    { name = "nuitka" },
]

[package.metadata]
requires-dist = [
    { name = "click", specifier = ">=8.2.1" },
    { name = "click-default-group", specifier = ">=1.2.4" },
    { name = "things-py", specifier = ">=0.0.15" },
]

[package.metadata.requires-dev]
dev = [{ name = "nuitka", specifier = ">=2.7.13" }]

[[package]]
name = "things-py"
version = "0.0.15"
source = { registry = "https://pypi.org/simple" }
sdist = { url = "https://files.pythonhosted.org/packages/09/bf/dbba75d9a4e38de0d91dff8b1d0aacd754df4080d7c17eae3a1640a4d17f/things.py-0.0.15.tar.gz", hash = "sha256:95ee8602083cf8b9fde59f64486fa6f3d13b1f84bd565c60dd77599c07e7ea16", size = 27476, upload-time = "2023-05-22T19:42:19.238Z" }
wheels = [
    { url = "https://files.pythonhosted.org/packages/b4/a3/97c7e8a2b9ab527cef9c31b74d88d730e4ba539bf6e9743522f9b7584122/things.py-0.0.15-py3-none-any.whl", hash = "sha256:5c75e7f35eb6e9558fa937bfa0b7563f5dc3b726adade836131e572a15c47a0d", size = 26671, upload-time = "2023-05-22T19:42:17.516Z" },
]

[[package]]
name = "zstandard"
version = "0.24.0"
source = { registry = "https://pypi.org/simple" }
sdist = { url = "https://files.pythonhosted.org/packages/09/1b/c20b2ef1d987627765dcd5bf1dadb8ef6564f00a87972635099bb76b7a05/zstandard-0.24.0.tar.gz", hash = "sha256:fe3198b81c00032326342d973e526803f183f97aa9e9a98e3f897ebafe21178f", size = 905681, upload-time = "2025-08-17T18:36:36.352Z" }
wheels = [
    { url = "https://files.pythonhosted.org/packages/ec/ef/db949de3bf81ed122b8ee4db6a8d147a136fe070e1015f5a60d8a3966748/zstandard-0.24.0-cp313-cp313-macosx_10_13_x86_64.whl", hash = "sha256:e4ebb000c0fe24a6d0f3534b6256844d9dbf042fdf003efe5cf40690cf4e0f3e", size = 795700, upload-time = "2025-08-17T18:22:50.851Z" },
    { url = "https://files.pythonhosted.org/packages/99/56/fc04395d6f5eabd2fe6d86c0800d198969f3038385cb918bfbe94f2b0c62/zstandard-0.24.0-cp313-cp313-macosx_11_0_arm64.whl", hash = "sha256:498f88f5109666c19531f0243a90d2fdd2252839cd6c8cc6e9213a3446670fa8", size = 640343, upload-time = "2025-08-17T18:22:51.999Z" },
    { url = "https://files.pythonhosted.org/packages/9b/0f/0b0e0d55f2f051d5117a0d62f4f9a8741b3647440c0ee1806b7bd47ed5ae/zstandard-0.24.0-cp313-cp313-manylinux2010_i686.manylinux2014_i686.manylinux_2_12_i686.manylinux_2_17_i686.whl", hash = "sha256:0a9e95ceb180ccd12a8b3437bac7e8a8a089c9094e39522900a8917745542184", size = 5342571, upload-time = "2025-08-17T18:22:53.734Z" },
    { url = "https://files.pythonhosted.org/packages/5d/43/d74e49f04fbd62d4b5d89aeb7a29d693fc637c60238f820cd5afe6ca8180/zstandard-0.24.0-cp313-cp313-manylinux2014_aarch64.manylinux_2_17_aarch64.whl", hash = "sha256:bcf69e0bcddbf2adcfafc1a7e864edcc204dd8171756d3a8f3340f6f6cc87b7b", size = 5062723, upload-time = "2025-08-17T18:22:55.624Z" },
    { url = "https://files.pythonhosted.org/packages/8e/97/df14384d4d6a004388e6ed07ded02933b5c7e0833a9150c57d0abc9545b7/zstandard-0.24.0-cp313-cp313-manylinux2014_ppc64le.manylinux_2_17_ppc64le.whl", hash = "sha256:10e284748a7e7fbe2815ca62a9d6e84497d34cfdd0143fa9e8e208efa808d7c4", size = 5393282, upload-time = "2025-08-17T18:22:57.655Z" },
    { url = "https://files.pythonhosted.org/packages/7e/09/8f5c520e59a4d41591b30b7568595eda6fd71c08701bb316d15b7ed0613a/zstandard-0.24.0-cp313-cp313-manylinux2014_s390x.manylinux_2_17_s390x.whl", hash = "sha256:1bda8a85e5b9d5e73af2e61b23609a8cc1598c1b3b2473969912979205a1ff25", size = 5450895, upload-time = "2025-08-17T18:22:59.749Z" },
    { url = "https://files.pythonhosted.org/packages/d9/3d/02aba892327a67ead8cba160ee835cfa1fc292a9dcb763639e30c07da58b/zstandard-0.24.0-cp313-cp313-manylinux2014_x86_64.manylinux_2_17_x86_64.whl", hash = "sha256:1b14bc92af065d0534856bf1b30fc48753163ea673da98857ea4932be62079b1", size = 5546353, upload-time = "2025-08-17T18:23:01.457Z" },
    { url = "https://files.pythonhosted.org/packages/6a/6e/96c52afcde44da6a5313a1f6c356349792079808f12d8b69a7d1d98ef353/zstandard-0.24.0-cp313-cp313-musllinux_1_1_aarch64.whl", hash = "sha256:b4f20417a4f511c656762b001ec827500cbee54d1810253c6ca2df2c0a307a5f", size = 5046404, upload-time = "2025-08-17T18:23:03.418Z" },
    { url = "https://files.pythonhosted.org/packages/da/b6/eefee6b92d341a7db7cd1b3885d42d30476a093720fb5c181e35b236d695/zstandard-0.24.0-cp313-cp313-musllinux_1_1_x86_64.whl", hash = "sha256:337572a7340e1d92fd7fb5248c8300d0e91071002d92e0b8cabe8d9ae7b58159", size = 5576095, upload-time = "2025-08-17T18:23:05.331Z" },
    { url = "https://files.pythonhosted.org/packages/a3/29/743de3131f6239ba6611e17199581e6b5e0f03f268924d42468e29468ca0/zstandard-0.24.0-cp313-cp313-musllinux_1_2_aarch64.whl", hash = "sha256:df4be1cf6e8f0f2bbe2a3eabfff163ef592c84a40e1a20a8d7db7f27cfe08fc2", size = 4953448, upload-time = "2025-08-17T18:23:07.225Z" },
    { url = "https://files.pythonhosted.org/packages/c9/11/bd36ef49fba82e307d69d93b5abbdcdc47d6a0bcbc7ffbbfe0ef74c2fec5/zstandard-0.24.0-cp313-cp313-musllinux_1_2_i686.whl", hash = "sha256:6885ae4b33aee8835dbdb4249d3dfec09af55e705d74d9b660bfb9da51baaa8b", size = 5267388, upload-time = "2025-08-17T18:23:09.127Z" },
    { url = "https://files.pythonhosted.org/packages/c0/23/a4cfe1b871d3f1ce1f88f5c68d7e922e94be0043f3ae5ed58c11578d1e21/zstandard-0.24.0-cp313-cp313-musllinux_1_2_ppc64le.whl", hash = "sha256:663848a8bac4fdbba27feea2926049fdf7b55ec545d5b9aea096ef21e7f0b079", size = 5433383, upload-time = "2025-08-17T18:23:11.343Z" },
    { url = "https://files.pythonhosted.org/packages/77/26/f3fb85f00e732cca617d4b9cd1ffa6484f613ea07fad872a8bdc3a0ce753/zstandard-0.24.0-cp313-cp313-musllinux_1_2_s390x.whl", hash = "sha256:05d27c953f2e0a3ecc8edbe91d6827736acc4c04d0479672e0400ccdb23d818c", size = 5813988, upload-time = "2025-08-17T18:23:13.194Z" },
    { url = "https://files.pythonhosted.org/packages/3d/8c/d7e3b424b73f3ce66e754595cbcb6d94ff49790c9ac37d50e40e8145cd44/zstandard-0.24.0-cp313-cp313-musllinux_1_2_x86_64.whl", hash = "sha256:77b8b7b98893eaf47da03d262816f01f251c2aa059c063ed8a45c50eada123a5", size = 5359756, upload-time = "2025-08-17T18:23:15.021Z" },
    { url = "https://files.pythonhosted.org/packages/90/6c/f1f0e11f1b295138f9da7e7ae22dcd9a1bb96a9544fa3b31507e431288f5/zstandard-0.24.0-cp313-cp313-win32.whl", hash = "sha256:cf7fbb4e54136e9a03c7ed7691843c4df6d2ecc854a2541f840665f4f2bb2edd", size = 435957, upload-time = "2025-08-17T18:23:18.835Z" },
    { url = "https://files.pythonhosted.org/packages/9f/03/ab8b82ae5eb49eca4d3662705399c44442666cc1ce45f44f2d263bb1ae31/zstandard-0.24.0-cp313-cp313-win_amd64.whl", hash = "sha256:d64899cc0f33a8f446f1e60bffc21fa88b99f0e8208750d9144ea717610a80ce", size = 505171, upload-time = "2025-08-17T18:23:16.44Z" },
    { url = "https://files.pythonhosted.org/packages/db/12/89a2ecdea4bc73a934a30b66a7cfac5af352beac94d46cf289e103b65c34/zstandard-0.24.0-cp313-cp313-win_arm64.whl", hash = "sha256:57be3abb4313e0dd625596376bbb607f40059d801d51c1a1da94d7477e63b255", size = 461596, upload-time = "2025-08-17T18:23:17.603Z" },
    { url = "https://files.pythonhosted.org/packages/c9/56/f3d2c4d64aacee4aab89e788783636884786b6f8334c819f09bff1aa207b/zstandard-0.24.0-cp314-cp314-macosx_10_13_x86_64.whl", hash = "sha256:b7fa260dd2731afd0dfa47881c30239f422d00faee4b8b341d3e597cface1483", size = 795747, upload-time = "2025-08-17T18:23:19.968Z" },
    { url = "https://files.pythonhosted.org/packages/32/2d/9d3e5f6627e4cb5e511803788be1feee2f0c3b94594591e92b81db324253/zstandard-0.24.0-cp314-cp314-macosx_11_0_arm64.whl", hash = "sha256:e05d66239d14a04b4717998b736a25494372b1b2409339b04bf42aa4663bf251", size = 640475, upload-time = "2025-08-17T18:23:21.5Z" },
    { url = "https://files.pythonhosted.org/packages/be/5d/48e66abf8c146d95330e5385633a8cfdd556fa8bd14856fe721590cbab2b/zstandard-0.24.0-cp314-cp314-manylinux2010_i686.manylinux2014_i686.manylinux_2_12_i686.manylinux_2_17_i686.whl", hash = "sha256:622e1e04bd8a085994e02313ba06fbcf4f9ed9a488c6a77a8dbc0692abab6a38", size = 5343866, upload-time = "2025-08-17T18:23:23.351Z" },
    { url = "https://files.pythonhosted.org/packages/95/6c/65fe7ba71220a551e082e4a52790487f1d6bb8dfc2156883e088f975ad6d/zstandard-0.24.0-cp314-cp314-manylinux2014_aarch64.manylinux_2_17_aarch64.whl", hash = "sha256:55872e818598319f065e8192ebefecd6ac05f62a43f055ed71884b0a26218f41", size = 5062719, upload-time = "2025-08-17T18:23:25.192Z" },
    { url = "https://files.pythonhosted.org/packages/cb/68/15ed0a813ff91be80cc2a610ac42e0fc8d29daa737de247bbf4bab9429a1/zstandard-0.24.0-cp314-cp314-manylinux2014_ppc64le.manylinux_2_17_ppc64le.whl", hash = "sha256:bb2446a55b3a0fd8aa02aa7194bd64740015464a2daaf160d2025204e1d7c282", size = 5393090, upload-time = "2025-08-17T18:23:27.145Z" },
    { url = "https://files.pythonhosted.org/packages/d4/89/e560427b74fa2da6a12b8f3af8ee29104fe2bb069a25e7d314c35eec7732/zstandard-0.24.0-cp314-cp314-manylinux2014_s390x.manylinux_2_17_s390x.whl", hash = "sha256:2825a3951f945fb2613ded0f517d402b1e5a68e87e0ee65f5bd224a8333a9a46", size = 5450383, upload-time = "2025-08-17T18:23:29.044Z" },
    { url = "https://files.pythonhosted.org/packages/a3/95/0498328cbb1693885509f2fc145402b108b750a87a3af65b7250b10bd896/zstandard-0.24.0-cp314-cp314-manylinux2014_x86_64.manylinux_2_17_x86_64.whl", hash = "sha256:09887301001e7a81a3618156bc1759e48588de24bddfdd5b7a4364da9a8fbc20", size = 5546142, upload-time = "2025-08-17T18:23:31.281Z" },
    { url = "https://files.pythonhosted.org/packages/8a/8a/64aa15a726594df3bf5d8decfec14fe20cd788c60890f44fcfc74d98c2cc/zstandard-0.24.0-cp314-cp314-musllinux_1_2_aarch64.whl", hash = "sha256:98ca91dc9602cf351497d5600aa66e6d011a38c085a8237b370433fcb53e3409", size = 4953456, upload-time = "2025-08-17T18:23:33.234Z" },
    { url = "https://files.pythonhosted.org/packages/b0/b6/e94879c5cd6017af57bcba08519ed1228b1ebb15681efd949f4a00199449/zstandard-0.24.0-cp314-cp314-musllinux_1_2_i686.whl", hash = "sha256:e69f8e534b4e254f523e2f9d4732cf9c169c327ca1ce0922682aac9a5ee01155", size = 5268287, upload-time = "2025-08-17T18:23:35.145Z" },
    { url = "https://files.pythonhosted.org/packages/fd/e5/1a3b3a93f953dbe9e77e2a19be146e9cd2af31b67b1419d6cc8e8898d409/zstandard-0.24.0-cp314-cp314-musllinux_1_2_ppc64le.whl", hash = "sha256:444633b487a711e34f4bccc46a0c5dfbe1aee82c1a511e58cdc16f6bd66f187c", size = 5433197, upload-time = "2025-08-17T18:23:36.969Z" },
    { url = "https://files.pythonhosted.org/packages/39/83/b6eb1e1181de994b29804e1e0d2dc677bece4177f588c71653093cb4f6d5/zstandard-0.24.0-cp314-cp314-musllinux_1_2_s390x.whl", hash = "sha256:f7d3fe9e1483171e9183ffdb1fab07c5fef80a9c3840374a38ec2ab869ebae20", size = 5813161, upload-time = "2025-08-17T18:23:38.812Z" },
    { url = "https://files.pythonhosted.org/packages/f6/d3/2fb4166561591e9d75e8e35c79182aa9456644e2f4536f29e51216d1c513/zstandard-0.24.0-cp314-cp314-musllinux_1_2_x86_64.whl", hash = "sha256:27b6fa72b57824a3f7901fc9cc4ce1c1c834b28f3a43d1d4254c64c8f11149d4", size = 5359831, upload-time = "2025-08-17T18:23:41.162Z" },
    { url = "https://files.pythonhosted.org/packages/11/94/6a9227315b774f64a67445f62152c69b4e5e49a52a3c7c4dad8520a55e20/zstandard-0.24.0-cp314-cp314-win32.whl", hash = "sha256:fdc7a52a4cdaf7293e10813fd6a3abc0c7753660db12a3b864ab1fb5a0c60c16", size = 444448, upload-time = "2025-08-17T18:23:45.151Z" },
    { url = "https://files.pythonhosted.org/packages/fc/de/67acaba311013e0798cb96d1a2685cb6edcdfc1cae378b297ea7b02c319f/zstandard-0.24.0-cp314-cp314-win_amd64.whl", hash = "sha256:656ed895b28c7e42dd5b40dfcea3217cfc166b6b7eef88c3da2f5fc62484035b", size = 516075, upload-time = "2025-08-17T18:23:42.8Z" },
    { url = "https://files.pythonhosted.org/packages/10/ae/45fd8921263cea0228b20aa31bce47cc66016b2aba1afae1c6adcc3dbb1f/zstandard-0.24.0-cp314-cp314-win_arm64.whl", hash = "sha256:0101f835da7de08375f380192ff75135527e46e3f79bef224e3c49cb640fef6a", size = 476847, upload-time = "2025-08-17T18:23:43.892Z" },
]
